// !$*UTF8*$!
{
	archiveVersion = 1;
	classes = {
	};
	objectVersion = 50;
	objects = {

/* Begin PBXBuildFile section */
		3A96C03E2281DBFF00707F06 /* AppDelegate.swift in Sources */ = {isa = PBXBuildFile; fileRef = 3A96C03D2281DBFF00707F06 /* AppDelegate.swift */; };
		3A96C0402281DBFF00707F06 /* ViewController.swift in Sources */ = {isa = PBXBuildFile; fileRef = 3A96C03F2281DBFF00707F06 /* ViewController.swift */; };
		3A96C0432281DBFF00707F06 /* Main.storyboard in Resources */ = {isa = PBXBuildFile; fileRef = 3A96C0412281DBFF00707F06 /* Main.storyboard */; };
		3A96C0452281DC0100707F06 /* Assets.xcassets in Resources */ = {isa = PBXBuildFile; fileRef = 3A96C0442281DC0100707F06 /* Assets.xcassets */; };
		3A96C0482281DC0100707F06 /* LaunchScreen.storyboard in Resources */ = {isa = PBXBuildFile; fileRef = 3A96C0462281DC0100707F06 /* LaunchScreen.storyboard */; };
		3A96C0532281DC0100707F06 /* weatherappTests.swift in Sources */ = {isa = PBXBuildFile; fileRef = 3A96C0522281DC0100707F06 /* weatherappTests.swift */; };
		3A96C05E2281DC0100707F06 /* weatherappUITests.swift in Sources */ = {isa = PBXBuildFile; fileRef = 3A96C05D2281DC0100707F06 /* weatherappUITests.swift */; };
/* End PBXBuildFile section */

/* Begin PBXContainerItemProxy section */
		3A96C04F2281DC0100707F06 /* PBXContainerItemProxy */ = {
			isa = PBXContainerItemProxy;
			containerPortal = 3A96C0322281DBFF00707F06 /* Project object */;
			proxyType = 1;
			remoteGlobalIDString = 3A96C0392281DBFF00707F06;
			remoteInfo = weatherapp;
		};
		3A96C05A2281DC0100707F06 /* PBXContainerItemProxy */ = {
			isa = PBXContainerItemProxy;
			containerPortal = 3A96C0322281DBFF00707F06 /* Project object */;
			proxyType = 1;
			remoteGlobalIDString = 3A96C0392281DBFF00707F06;
			remoteInfo = weatherapp;
		};
/* End PBXContainerItemProxy section */

/* Begin PBXFileReference section */
		3A96C03A2281DBFF00707F06 /* weatherapp.app */ = {isa = PBXFileReference; explicitFileType = wrapper.application; includeInIndex = 0; path = weatherapp.app; sourceTree = BUILT_PRODUCTS_DIR; };
		3A96C03D2281DBFF00707F06 /* AppDelegate.swift */ = {isa = PBXFileReference; lastKnownFileType = sourcecode.swift; path = AppDelegate.swift; sourceTree = "<group>"; };
		3A96C03F2281DBFF00707F06 /* ViewController.swift */ = {isa = PBXFileReference; lastKnownFileType = sourcecode.swift; path = ViewController.swift; sourceTree = "<group>"; };
		3A96C0422281DBFF00707F06 /* Base */ = {isa = PBXFileReference; lastKnownFileType = file.storyboard; name = Base; path = Base.lproj/Main.storyboard; sourceTree = "<group>"; };
		3A96C0442281DC0100707F06 /* Assets.xcassets */ = {isa = PBXFileReference; lastKnownFileType = folder.assetcatalog; path = Assets.xcassets; sourceTree = "<group>"; };
		3A96C0472281DC0100707F06 /* Base */ = {isa = PBXFileReference; lastKnownFileType = file.storyboard; name = Base; path = Base.lproj/LaunchScreen.storyboard; sourceTree = "<group>"; };
		3A96C0492281DC0100707F06 /* Info.plist */ = {isa = PBXFileReference; lastKnownFileType = text.plist.xml; path = Info.plist; sourceTree = "<group>"; };
		3A96C04E2281DC0100707F06 /* weatherappTests.xctest */ = {isa = PBXFileReference; explicitFileType = wrapper.cfbundle; includeInIndex = 0; path = weatherappTests.xctest; sourceTree = BUILT_PRODUCTS_DIR; };
		3A96C0522281DC0100707F06 /* weatherappTests.swift */ = {isa = PBXFileReference; lastKnownFileType = sourcecode.swift; path = weatherappTests.swift; sourceTree = "<group>"; };
		3A96C0542281DC0100707F06 /* Info.plist */ = {isa = PBXFileReference; lastKnownFileType = text.plist.xml; path = Info.plist; sourceTree = "<group>"; };
		3A96C0592281DC0100707F06 /* weatherappUITests.xctest */ = {isa = PBXFileReference; explicitFileType = wrapper.cfbundle; includeInIndex = 0; path = weatherappUITests.xctest; sourceTree = BUILT_PRODUCTS_DIR; };
		3A96C05D2281DC0100707F06 /* weatherappUITests.swift */ = {isa = PBXFileReference; lastKnownFileType = sourcecode.swift; path = weatherappUITests.swift; sourceTree = "<group>"; };
		3A96C05F2281DC0100707F06 /* Info.plist */ = {isa = PBXFileReference; lastKnownFileType = text.plist.xml; path = Info.plist; sourceTree = "<group>"; };
/* End PBXFileReference section */

/* Begin PBXFrameworksBuildPhase section */
		3A96C0372281DBFF00707F06 /* Frameworks */ = {
			isa = PBXFrameworksBuildPhase;
			buildActionMask = 2147483647;
			files = (
			);
			runOnlyForDeploymentPostprocessing = 0;
		};
		3A96C04B2281DC0100707F06 /* Frameworks */ = {
			isa = PBXFrameworksBuildPhase;
			buildActionMask = 2147483647;
			files = (
			);
			runOnlyForDeploymentPostprocessing = 0;
		};
		3A96C0562281DC0100707F06 /* Frameworks */ = {
			isa = PBXFrameworksBuildPhase;
			buildActionMask = 2147483647;
			files = (
			);
			runOnlyForDeploymentPostprocessing = 0;
		};
/* End PBXFrameworksBuildPhase section */

/* Begin PBXGroup section */
		3A96C0312281DBFF00707F06 = {
			isa = PBXGroup;
			children = (
				3A96C03C2281DBFF00707F06 /* weatherapp */,
				3A96C0512281DC0100707F06 /* weatherappTests */,
				3A96C05C2281DC0100707F06 /* weatherappUITests */,
				3A96C03B2281DBFF00707F06 /* Products */,
			);
			sourceTree = "<group>";
		};
		3A96C03B2281DBFF00707F06 /* Products */ = {
			isa = PBXGroup;
			children = (
				3A96C03A2281DBFF00707F06 /* weatherapp.app */,
				3A96C04E2281DC0100707F06 /* weatherappTests.xctest */,
				3A96C0592281DC0100707F06 /* weatherappUITests.xctest */,
			);
			name = Products;
			sourceTree = "<group>";
		};
		3A96C03C2281DBFF00707F06 /* weatherapp */ = {
			isa = PBXGroup;
			children = (
				3A96C03D2281DBFF00707F06 /* AppDelegate.swift */,
				3A96C03F2281DBFF00707F06 /* ViewController.swift */,
				3A96C0412281DBFF00707F06 /* Main.storyboard */,
				3A96C0442281DC0100707F06 /* Assets.xcassets */,
				3A96C0462281DC0100707F06 /* LaunchScreen.storyboard */,
				3A96C0492281DC0100707F06 /* Info.plist */,
			);
			path = weatherapp;
			sourceTree = "<group>";
		};
		3A96C0512281DC0100707F06 /* weatherappTests */ = {
			isa = PBXGroup;
			children = (
				3A96C0522281DC0100707F06 /* weatherappTests.swift */,
				3A96C0542281DC0100707F06 /* Info.plist */,
			);
			path = weatherappTests;
			sourceTree = "<group>";
		};
		3A96C05C2281DC0100707F06 /* weatherappUITests */ = {
			isa = PBXGroup;
			children = (
				3A96C05D2281DC0100707F06 /* weatherappUITests.swift */,
				3A96C05F2281DC0100707F06 /* Info.plist */,
			);
			path = weatherappUITests;
			sourceTree = "<group>";
		};
/* End PBXGroup section */

/* Begin PBXNativeTarget section */
		3A96C0392281DBFF00707F06 /* weatherapp */ = {
			isa = PBXNativeTarget;
			buildConfigurationList = 3A96C0622281DC0100707F06 /* Build configuration list for PBXNativeTarget "weatherapp" */;
			buildPhases = (
				3A96C0362281DBFF00707F06 /* Sources */,
				3A96C0372281DBFF00707F06 /* Frameworks */,
				3A96C0382281DBFF00707F06 /* Resources */,
			);
			buildRules = (
			);
			dependencies = (
			);
			name = weatherapp;
			productName = weatherapp;
			productReference = 3A96C03A2281DBFF00707F06 /* weatherapp.app */;
			productType = "com.apple.product-type.application";
		};
		3A96C04D2281DC0100707F06 /* weatherappTests */ = {
			isa = PBXNativeTarget;
			buildConfigurationList = 3A96C0652281DC0100707F06 /* Build configuration list for PBXNativeTarget "weatherappTests" */;
			buildPhases = (
				3A96C04A2281DC0100707F06 /* Sources */,
				3A96C04B2281DC0100707F06 /* Frameworks */,
				3A96C04C2281DC0100707F06 /* Resources */,
			);
			buildRules = (
			);
			dependencies = (
				3A96C0502281DC0100707F06 /* PBXTargetDependency */,
			);
			name = weatherappTests;
			productName = weatherappTests;
			productReference = 3A96C04E2281DC0100707F06 /* weatherappTests.xctest */;
			productType = "com.apple.product-type.bundle.unit-test";
		};
		3A96C0582281DC0100707F06 /* weatherappUITests */ = {
			isa = PBXNativeTarget;
			buildConfigurationList = 3A96C0682281DC0100707F06 /* Build configuration list for PBXNativeTarget "weatherappUITests" */;
			buildPhases = (
				3A96C0552281DC0100707F06 /* Sources */,
				3A96C0562281DC0100707F06 /* Frameworks */,
				3A96C0572281DC0100707F06 /* Resources */,
			);
			buildRules = (
			);
			dependencies = (
				3A96C05B2281DC0100707F06 /* PBXTargetDependency */,
			);
			name = weatherappUITests;
			productName = weatherappUITests;
			productReference = 3A96C0592281DC0100707F06 /* weatherappUITests.xctest */;
			productType = "com.apple.product-type.bundle.ui-testing";
		};
/* End PBXNativeTarget section */

/* Begin PBXProject section */
		3A96C0322281DBFF00707F06 /* Project object */ = {
			isa = PBXProject;
			attributes = {
				LastSwiftUpdateCheck = 1010;
				LastUpgradeCheck = 1010;
				ORGANIZATIONNAME = "Prageeth Kumara";
				TargetAttributes = {
					3A96C0392281DBFF00707F06 = {
						CreatedOnToolsVersion = 10.1;
					};
					3A96C04D2281DC0100707F06 = {
						CreatedOnToolsVersion = 10.1;
						TestTargetID = 3A96C0392281DBFF00707F06;
					};
					3A96C0582281DC0100707F06 = {
						CreatedOnToolsVersion = 10.1;
						TestTargetID = 3A96C0392281DBFF00707F06;
					};
				};
			};
			buildConfigurationList = 3A96C0352281DBFF00707F06 /* Build configuration list for PBXProject "weatherapp" */;
			compatibilityVersion = "Xcode 9.3";
			developmentRegion = en;
			hasScannedForEncodings = 0;
			knownRegions = (
				en,
				Base,
			);
			mainGroup = 3A96C0312281DBFF00707F06;
			productRefGroup = 3A96C03B2281DBFF00707F06 /* Products */;
			projectDirPath = "";
			projectRoot = "";
			targets = (
				3A96C0392281DBFF00707F06 /* weatherapp */,
				3A96C04D2281DC0100707F06 /* weatherappTests */,
				3A96C0582281DC0100707F06 /* weatherappUITests */,
			);
		};
/* End PBXProject section */

/* Begin PBXResourcesBuildPhase section */
		3A96C0382281DBFF00707F06 /* Resources */ = {
			isa = PBXResourcesBuildPhase;
			buildActionMask = 2147483647;
			files = (
				3A96C0482281DC0100707F06 /* LaunchScreen.storyboard in Resources */,
				3A96C0452281DC0100707F06 /* Assets.xcassets in Resources */,
				3A96C0432281DBFF00707F06 /* Main.storyboard in Resources */,
			);
			runOnlyForDeploymentPostprocessing = 0;
		};
		3A96C04C2281DC0100707F06 /* Resources */ = {
			isa = PBXResourcesBuildPhase;
			buildActionMask = 2147483647;
			files = (
			);
			runOnlyForDeploymentPostprocessing = 0;
		};
		3A96C0572281DC0100707F06 /* Resources */ = {
			isa = PBXResourcesBuildPhase;
			buildActionMask = 2147483647;
			files = (
			);
			runOnlyForDeploymentPostprocessing = 0;
		};
/* End PBXResourcesBuildPhase section */

/* Begin PBXSourcesBuildPhase section */
		3A96C0362281DBFF00707F06 /* Sources */ = {
			isa = PBXSourcesBuildPhase;
			buildActionMask = 2147483647;
			files = (
				3A96C0402281DBFF00707F06 /* ViewController.swift in Sources */,
				3A96C03E2281DBFF00707F06 /* AppDelegate.swift in Sources */,
			);
			runOnlyForDeploymentPostprocessing = 0;
		};
		3A96C04A2281DC0100707F06 /* Sources */ = {
			isa = PBXSourcesBuildPhase;
			buildActionMask = 2147483647;
			files = (
				3A96C0532281DC0100707F06 /* weatherappTests.swift in Sources */,
			);
			runOnlyForDeploymentPostprocessing = 0;
		};
		3A96C0552281DC0100707F06 /* Sources */ = {
			isa = PBXSourcesBuildPhase;
			buildActionMask = 2147483647;
			files = (
				3A96C05E2281DC0100707F06 /* weatherappUITests.swift in Sources */,
			);
			runOnlyForDeploymentPostprocessing = 0;
		};
/* End PBXSourcesBuildPhase section */

/* Begin PBXTargetDependency section */
		3A96C0502281DC0100707F06 /* PBXTargetDependency */ = {
			isa = PBXTargetDependency;
			target = 3A96C0392281DBFF00707F06 /* weatherapp */;
			targetProxy = 3A96C04F2281DC0100707F06 /* PBXContainerItemProxy */;
		};
		3A96C05B2281DC0100707F06 /* PBXTargetDependency */ = {
			isa = PBXTargetDependency;
			target = 3A96C0392281DBFF00707F06 /* weatherapp */;
			targetProxy = 3A96C05A2281DC0100707F06 /* PBXContainerItemProxy */;
		};
/* End PBXTargetDependency section */

/* Begin PBXVariantGroup section */
		3A96C0412281DBFF00707F06 /* Main.storyboard */ = {
			isa = PBXVariantGroup;
			children = (
				3A96C0422281DBFF00707F06 /* Base */,
			);
			name = Main.storyboard;
			sourceTree = "<group>";
		};
		3A96C0462281DC0100707F06 /* LaunchScreen.storyboard */ = {
			isa = PBXVariantGroup;
			children = (
				3A96C0472281DC0100707F06 /* Base */,
			);
			name = LaunchScreen.storyboard;
			sourceTree = "<group>";
		};
/* End PBXVariantGroup section */

/* Begin XCBuildConfiguration section */
		3A96C0602281DC0100707F06 /* Debug */ = {
			isa = XCBuildConfiguration;
			buildSettings = {
				ALWAYS_SEARCH_USER_PATHS = NO;
				CLANG_ANALYZER_NONNULL = YES;
				CLANG_ANALYZER_NUMBER_OBJECT_CONVERSION = YES_AGGRESSIVE;
				CLANG_CXX_LANGUAGE_STANDARD = "gnu++14";
				CLANG_CXX_LIBRARY = "libc++";
				CLANG_ENABLE_MODULES = YES;
				CLANG_ENABLE_OBJC_ARC = YES;
				CLANG_ENABLE_OBJC_WEAK = YES;
				CLANG_WARN_BLOCK_CAPTURE_AUTORELEASING = YES;
				CLANG_WARN_BOOL_CONVERSION = YES;
				CLANG_WARN_COMMA = YES;
				CLANG_WARN_CONSTANT_CONVERSION = YES;
				CLANG_WARN_DEPRECATED_OBJC_IMPLEMENTATIONS = YES;
				CLANG_WARN_DIRECT_OBJC_ISA_USAGE = YES_ERROR;
				CLANG_WARN_DOCUMENTATION_COMMENTS = YES;
				CLANG_WARN_EMPTY_BODY = YES;
				CLANG_WARN_ENUM_CONVERSION = YES;
				CLANG_WARN_INFINITE_RECURSION = YES;
				CLANG_WARN_INT_CONVERSION = YES;
				CLANG_WARN_NON_LITERAL_NULL_CONVERSION = YES;
				CLANG_WARN_OBJC_IMPLICIT_RETAIN_SELF = YES;
				CLANG_WARN_OBJC_LITERAL_CONVERSION = YES;
				CLANG_WARN_OBJC_ROOT_CLASS = YES_ERROR;
				CLANG_WARN_RANGE_LOOP_ANALYSIS = YES;
				CLANG_WARN_STRICT_PROTOTYPES = YES;
				CLANG_WARN_SUSPICIOUS_MOVE = YES;
				CLANG_WARN_UNGUARDED_AVAILABILITY = YES_AGGRESSIVE;
				CLANG_WARN_UNREACHABLE_CODE = YES;
				CLANG_WARN__DUPLICATE_METHOD_MATCH = YES;
				CODE_SIGN_IDENTITY = "iPhone Developer";
				COPY_PHASE_STRIP = NO;
				DEBUG_INFORMATION_FORMAT = dwarf;
				ENABLE_STRICT_OBJC_MSGSEND = YES;
				ENABLE_TESTABILITY = YES;
				GCC_C_LANGUAGE_STANDARD = gnu11;
				GCC_DYNAMIC_NO_PIC = NO;
				GCC_NO_COMMON_BLOCKS = YES;
				GCC_OPTIMIZATION_LEVEL = 0;
				GCC_PREPROCESSOR_DEFINITIONS = (
					"DEBUG=1",
					"$(inherited)",
				);
				GCC_WARN_64_TO_32_BIT_CONVERSION = YES;
				GCC_WARN_ABOUT_RETURN_TYPE = YES_ERROR;
				GCC_WARN_UNDECLARED_SELECTOR = YES;
				GCC_WARN_UNINITIALIZED_AUTOS = YES_AGGRESSIVE;
				GCC_WARN_UNUSED_FUNCTION = YES;
				GCC_WARN_UNUSED_VARIABLE = YES;
				IPHONEOS_DEPLOYMENT_TARGET = 12.1;
				MTL_ENABLE_DEBUG_INFO = INCLUDE_SOURCE;
				MTL_FAST_MATH = YES;
				ONLY_ACTIVE_ARCH = YES;
				SDKROOT = iphoneos;
				SWIFT_ACTIVE_COMPILATION_CONDITIONS = DEBUG;
				SWIFT_OPTIMIZATION_LEVEL = "-Onone";
			};
			name = Debug;
		};
		3A96C0612281DC0100707F06 /* Release */ = {
			isa = XCBuildConfiguration;
			buildSettings = {
				ALWAYS_SEARCH_USER_PATHS = NO;
				CLANG_ANALYZER_NONNULL = YES;
				CLANG_ANALYZER_NUMBER_OBJECT_CONVERSION = YES_AGGRESSIVE;
				CLANG_CXX_LANGUAGE_STANDARD = "gnu++14";
				CLANG_CXX_LIBRARY = "libc++";
				CLANG_ENABLE_MODULES = YES;
				CLANG_ENABLE_OBJC_ARC = YES;
				CLANG_ENABLE_OBJC_WEAK = YES;
				CLANG_WARN_BLOCK_CAPTURE_AUTORELEASING = YES;
				CLANG_WARN_BOOL_CONVERSION = YES;
				CLANG_WARN_COMMA = YES;
				CLANG_WARN_CONSTANT_CONVERSION = YES;
				CLANG_WARN_DEPRECATED_OBJC_IMPLEMENTATIONS = YES;
				CLANG_WARN_DIRECT_OBJC_ISA_USAGE = YES_ERROR;
				CLANG_WARN_DOCUMENTATION_COMMENTS = YES;
				CLANG_WARN_EMPTY_BODY = YES;
				CLANG_WARN_ENUM_CONVERSION = YES;
				CLANG_WARN_INFINITE_RECURSION = YES;
				CLANG_WARN_INT_CONVERSION = YES;
				CLANG_WARN_NON_LITERAL_NULL_CONVERSION = YES;
				CLANG_WARN_OBJC_IMPLICIT_RETAIN_SELF = YES;
				CLANG_WARN_OBJC_LITERAL_CONVERSION = YES;
				CLANG_WARN_OBJC_ROOT_CLASS = YES_ERROR;
				CLANG_WARN_RANGE_LOOP_ANALYSIS = YES;
				CLANG_WARN_STRICT_PROTOTYPES = YES;
				CLANG_WARN_SUSPICIOUS_MOVE = YES;
				CLANG_WARN_UNGUARDED_AVAILABILITY = YES_AGGRESSIVE;
				CLANG_WARN_UNREACHABLE_CODE = YES;
				CLANG_WARN__DUPLICATE_METHOD_MATCH = YES;
				CODE_SIGN_IDENTITY = "iPhone Developer";
				COPY_PHASE_STRIP = NO;
				DEBUG_INFORMATION_FORMAT = "dwarf-with-dsym";
				ENABLE_NS_ASSERTIONS = NO;
				ENABLE_STRICT_OBJC_MSGSEND = YES;
				GCC_C_LANGUAGE_STANDARD = gnu11;
				GCC_NO_COMMON_BLOCKS = YES;
				GCC_WARN_64_TO_32_BIT_CONVERSION = YES;
				GCC_WARN_ABOUT_RETURN_TYPE = YES_ERROR;
				GCC_WARN_UNDECLARED_SELECTOR = YES;
				GCC_WARN_UNINITIALIZED_AUTOS = YES_AGGRESSIVE;
				GCC_WARN_UNUSED_FUNCTION = YES;
				GCC_WARN_UNUSED_VARIABLE = YES;
				IPHONEOS_DEPLOYMENT_TARGET = 12.1;
				MTL_ENABLE_DEBUG_INFO = NO;
				MTL_FAST_MATH = YES;
				SDKROOT = iphoneos;
				SWIFT_COMPILATION_MODE = wholemodule;
				SWIFT_OPTIMIZATION_LEVEL = "-O";
				VALIDATE_PRODUCT = YES;
			};
			name = Release;
		};
		3A96C0632281DC0100707F06 /* Debug */ = {
			isa = XCBuildConfiguration;
			buildSettings = {
				ASSETCATALOG_COMPILER_APPICON_NAME = AppIcon;
				CODE_SIGN_STYLE = Automatic;
				INFOPLIST_FILE = weatherapp/Info.plist;
				LD_RUNPATH_SEARCH_PATHS = (
					"$(inherited)",
					"@executable_path/Frameworks",
				);
				PRODUCT_BUNDLE_IDENTIFIER = sa.byox.app.weatherapp;
				PRODUCT_NAME = "$(TARGET_NAME)";
				SWIFT_VERSION = 4.2;
				TARGETED_DEVICE_FAMILY = "1,2";
			};
			name = Debug;
		};
		3A96C0642281DC0100707F06 /* Release */ = {
			isa = XCBuildConfiguration;
			buildSettings = {
				ASSETCATALOG_COMPILER_APPICON_NAME = AppIcon;
				CODE_SIGN_STYLE = Automatic;
				INFOPLIST_FILE = weatherapp/Info.plist;
				LD_RUNPATH_SEARCH_PATHS = (
					"$(inherited)",
					"@executable_path/Frameworks",
				);
				PRODUCT_BUNDLE_IDENTIFIER = sa.byox.app.weatherapp;
				PRODUCT_NAME = "$(TARGET_NAME)";
				SWIFT_VERSION = 4.2;
				TARGETED_DEVICE_FAMILY = "1,2";
			};
			name = Release;
		};
		3A96C0662281DC0100707F06 /* Debug */ = {
			isa = XCBuildConfiguration;
			buildSettings = {
				ALWAYS_EMBED_SWIFT_STANDARD_LIBRARIES = YES;
				BUNDLE_LOADER = "$(TEST_HOST)";
				CODE_SIGN_STYLE = Automatic;
				INFOPLIST_FILE = weatherappTests/Info.plist;
				LD_RUNPATH_SEARCH_PATHS = (
					"$(inherited)",
					"@executable_path/Frameworks",
					"@loader_path/Frameworks",
				);
				PRODUCT_BUNDLE_IDENTIFIER = sa.byox.app.weatherappTests;
				PRODUCT_NAME = "$(TARGET_NAME)";
				SWIFT_VERSION = 4.2;
				TARGETED_DEVICE_FAMILY = "1,2";
				TEST_HOST = "$(BUILT_PRODUCTS_DIR)/weatherapp.app/weatherapp";
			};
			name = Debug;
		};
		3A96C0672281DC0100707F06 /* Release */ = {
			isa = XCBuildConfiguration;
			buildSettings = {
				ALWAYS_EMBED_SWIFT_STANDARD_LIBRARIES = YES;
				BUNDLE_LOADER = "$(TEST_HOST)";
				CODE_SIGN_STYLE = Automatic;
				INFOPLIST_FILE = weatherappTests/Info.plist;
				LD_RUNPATH_SEARCH_PATHS = (
					"$(inherited)",
					"@executable_path/Frameworks",
					"@loader_path/Frameworks",
				);
				PRODUCT_BUNDLE_IDENTIFIER = sa.byox.app.weatherappTests;
				PRODUCT_NAME = "$(TARGET_NAME)";
				SWIFT_VERSION = 4.2;
				TARGETED_DEVICE_FAMILY = "1,2";
				TEST_HOST = "$(BUILT_PRODUCTS_DIR)/weatherapp.app/weatherapp";
			};
			name = Release;
		};
		3A96C0692281DC0100707F06 /* Debug */ = {
			isa = XCBuildConfiguration;
			buildSettings = {
				ALWAYS_EMBED_SWIFT_STANDARD_LIBRARIES = YES;
				CODE_SIGN_STYLE = Automatic;
				INFOPLIST_FILE = weatherappUITests/Info.plist;
				LD_RUNPATH_SEARCH_PATHS = (
					"$(inherited)",
					"@executable_path/Frameworks",
					"@loader_path/Frameworks",
				);
				PRODUCT_BUNDLE_IDENTIFIER = sa.byox.app.weatherappUITests;
				PRODUCT_NAME = "$(TARGET_NAME)";
				SWIFT_VERSION = 4.2;
				TARGETED_DEVICE_FAMILY = "1,2";
				TEST_TARGET_NAME = weatherapp;
			};
			name = Debug;
		};
		3A96C06A2281DC0100707F06 /* Release */ = {
			isa = XCBuildConfiguration;
			buildSettings = {
				ALWAYS_EMBED_SWIFT_STANDARD_LIBRARIES = YES;
				CODE_SIGN_STYLE = Automatic;
				INFOPLIST_FILE = weatherappUITests/Info.plist;
				LD_RUNPATH_SEARCH_PATHS = (
					"$(inherited)",
					"@executable_path/Frameworks",
					"@loader_path/Frameworks",
				);
				PRODUCT_BUNDLE_IDENTIFIER = sa.byox.app.weatherappUITests;
				PRODUCT_NAME = "$(TARGET_NAME)";
				SWIFT_VERSION = 4.2;
				TARGETED_DEVICE_FAMILY = "1,2";
				TEST_TARGET_NAME = weatherapp;
			};
			name = Release;
		};
/* End XCBuildConfiguration section */

/* Begin XCConfigurationList section */
		3A96C0352281DBFF00707F06 /* Build configuration list for PBXProject "weatherapp" */ = {
			isa = XCConfigurationList;
			buildConfigurations = (
				3A96C0602281DC0100707F06 /* Debug */,
				3A96C0612281DC0100707F06 /* Release */,
			);
			defaultConfigurationIsVisible = 0;
			defaultConfigurationName = Release;
		};
		3A96C0622281DC0100707F06 /* Build configuration list for PBXNativeTarget "weatherapp" */ = {
			isa = XCConfigurationList;
			buildConfigurations = (
				3A96C0632281DC0100707F06 /* Debug */,
				3A96C0642281DC0100707F06 /* Release */,
			);
			defaultConfigurationIsVisible = 0;
			defaultConfigurationName = Release;
		};
		3A96C0652281DC0100707F06 /* Build configuration list for PBXNativeTarget "weatherappTests" */ = {
			isa = XCConfigurationList;
			buildConfigurations = (
				3A96C0662281DC0100707F06 /* Debug */,
				3A96C0672281DC0100707F06 /* Release */,
			);
			defaultConfigurationIsVisible = 0;
			defaultConfigurationName = Release;
		};
		3A96C0682281DC0100707F06 /* Build configuration list for PBXNativeTarget "weatherappUITests" */ = {
			isa = XCConfigurationList;
			buildConfigurations = (
				3A96C0692281DC0100707F06 /* Debug */,
				3A96C06A2281DC0100707F06 /* Release */,
			);
			defaultConfigurationIsVisible = 0;
			defaultConfigurationName = Release;
		};
/* End XCConfigurationList section */
	};
	rootObject = 3A96C0322281DBFF00707F06 /* Project object */;
}
